
Microsoft Visual Studio Solution File, Format Version 12.00
# Visual Studio Version 17
VisualStudioVersion = 17.5.33530.505
MinimumVisualStudioVersion = 10.0.40219.1
Project("{FAE04EC0-301F-11D3-BF4B-00C04F79EFBC}") = "ClearMeasure", "ClearMeasure\ClearMeasure.csproj", "{FA6B4900-94AA-414A-9F5E-74F18B7C3AD0}"
EndProject
Project("{9A19103F-16F7-4668-BE54-9A1E7A4F7556}") = "ClearMeasure.Client", "ClearMeasure.Client\ClearMeasure.Client.csproj", "{4E1D524C-32E4-4E6B-9A5A-1F964617E479}"
EndProject
Project("{FAE04EC0-301F-11D3-BF4B-00C04F79EFBC}") = "ClearMeasure.Tests", "ClearMeasure.Tests\ClearMeasure.Tests.csproj", "{99092C22-403A-41F0-AA39-994FEA4B5FF5}"
EndProject
Project("{2150E333-8FDC-42A3-9474-1A3956D46DE8}") = "Solution Items", "Solution Items", "{55D20D4E-4349-436A-96C7-1CF287676BCD}"
	ProjectSection(SolutionItems) = preProject
		README.md = README.md
	EndProjectSection
EndProject
Global
	GlobalSection(SolutionConfigurationPlatforms) = preSolution
		Debug|Any CPU = Debug|Any CPU
		Release|Any CPU = Release|Any CPU
	EndGlobalSection
	GlobalSection(ProjectConfigurationPlatforms) = postSolution
		{FA6B4900-94AA-414A-9F5E-74F18B7C3AD0}.Debug|Any CPU.ActiveCfg = Debug|Any CPU
		{FA6B4900-94AA-414A-9F5E-74F18B7C3AD0}.Debug|Any CPU.Build.0 = Debug|Any CPU
		{FA6B4900-94AA-414A-9F5E-74F18B7C3AD0}.Release|Any CPU.ActiveCfg = Release|Any CPU
		{FA6B4900-94AA-414A-9F5E-74F18B7C3AD0}.Release|Any CPU.Build.0 = Release|Any CPU
		{4E1D524C-32E4-4E6B-9A5A-1F964617E479}.Debug|Any CPU.ActiveCfg = Debug|Any CPU
		{4E1D524C-32E4-4E6B-9A5A-1F964617E479}.Debug|Any CPU.Build.0 = Debug|Any CPU
		{4E1D524C-32E4-4E6B-9A5A-1F964617E479}.Release|Any CPU.ActiveCfg = Release|Any CPU
		{4E1D524C-32E4-4E6B-9A5A-1F964617E479}.Release|Any CPU.Build.0 = Release|Any CPU
		{99092C22-403A-41F0-AA39-994FEA4B5FF5}.Debug|Any CPU.ActiveCfg = Debug|Any CPU
		{99092C22-403A-41F0-AA39-994FEA4B5FF5}.Debug|Any CPU.Build.0 = Debug|Any CPU
		{99092C22-403A-41F0-AA39-994FEA4B5FF5}.Release|Any CPU.ActiveCfg = Release|Any CPU
		{99092C22-403A-41F0-AA39-994FEA4B5FF5}.Release|Any CPU.Build.0 = Release|Any CPU
	EndGlobalSection
	GlobalSection(SolutionProperties) = preSolution
		HideSolutionNode = FALSE
	EndGlobalSection
	GlobalSection(ExtensibilityGlobals) = postSolution
		SolutionGuid = {6C9B589F-6BCA-4D71-B1CF-A80652B869D3}
	EndGlobalSection
EndGlobal
